
Microsoft Visual Studio Solution File, Format Version 12.00
# Visual Studio Version 17
VisualStudioVersion = 17.0.31903.59
MinimumVisualStudioVersion = 10.0.40219.1
Project("{2150E333-8FDC-42A3-9474-1A3956D46DE8}") = "src", "src", "{71C760ED-C738-41DC-8E6A-8C11038BC6D1}"
EndProject
Project("{2150E333-8FDC-42A3-9474-1A3956D46DE8}") = "test", "test", "{4DF1BEAA-3845-410C-A760-F0C7895C165D}"
EndProject
Project("{2150E333-8FDC-42A3-9474-1A3956D46DE8}") = "Solution Items", "Solution Items", "{B0B10C95-4AEB-42C6-9A35-6E1F1642265E}"
	ProjectSection(SolutionItems) = preProject
		build.ps1 = build.ps1
		build.sh = build.sh
		Dockerfile = Dockerfile
		README.md = README.md
	EndProjectSection
EndProject
Project("{9A19103F-16F7-4668-BE54-9A1E7A4F7556}") = "CarReservation.Api", "src\CarReservation.Api\CarReservation.Api.csproj", "{DB41D854-072A-4771-93A7-70DD629F2F84}"
EndProject
Project("{9A19103F-16F7-4668-BE54-9A1E7A4F7556}") = "CarReservation.Api.Tests.Api", "test\CarReservation.Api.Tests.Integration\CarReservation.Api.Tests.Api.csproj", "{59AD3ACC-CC0D-428D-B7BB-704E59A1287D}"
EndProject
Project("{9A19103F-16F7-4668-BE54-9A1E7A4F7556}") = "CarReservation.Api.Tests.Unit", "test\CarReservation.Api.Tests.Unit\CarReservation.Api.Tests.Unit.csproj", "{C5719A35-EF8F-4B8C-949C-92D499E256B8}"
EndProject
Global
	GlobalSection(SolutionConfigurationPlatforms) = preSolution
		Debug|Any CPU = Debug|Any CPU
		Release|Any CPU = Release|Any CPU
	EndGlobalSection
	GlobalSection(ProjectConfigurationPlatforms) = postSolution
		{DB41D854-072A-4771-93A7-70DD629F2F84}.Debug|Any CPU.ActiveCfg = Debug|Any CPU
		{DB41D854-072A-4771-93A7-70DD629F2F84}.Debug|Any CPU.Build.0 = Debug|Any CPU
		{DB41D854-072A-4771-93A7-70DD629F2F84}.Release|Any CPU.ActiveCfg = Release|Any CPU
		{DB41D854-072A-4771-93A7-70DD629F2F84}.Release|Any CPU.Build.0 = Release|Any CPU
		{59AD3ACC-CC0D-428D-B7BB-704E59A1287D}.Debug|Any CPU.ActiveCfg = Debug|Any CPU
		{59AD3ACC-CC0D-428D-B7BB-704E59A1287D}.Debug|Any CPU.Build.0 = Debug|Any CPU
		{59AD3ACC-CC0D-428D-B7BB-704E59A1287D}.Release|Any CPU.ActiveCfg = Release|Any CPU
		{59AD3ACC-CC0D-428D-B7BB-704E59A1287D}.Release|Any CPU.Build.0 = Release|Any CPU
		{C5719A35-EF8F-4B8C-949C-92D499E256B8}.Debug|Any CPU.ActiveCfg = Debug|Any CPU
		{C5719A35-EF8F-4B8C-949C-92D499E256B8}.Debug|Any CPU.Build.0 = Debug|Any CPU
		{C5719A35-EF8F-4B8C-949C-92D499E256B8}.Release|Any CPU.ActiveCfg = Release|Any CPU
		{C5719A35-EF8F-4B8C-949C-92D499E256B8}.Release|Any CPU.Build.0 = Release|Any CPU
	EndGlobalSection
	GlobalSection(SolutionProperties) = preSolution
		HideSolutionNode = FALSE
	EndGlobalSection
	GlobalSection(NestedProjects) = preSolution
		{DB41D854-072A-4771-93A7-70DD629F2F84} = {71C760ED-C738-41DC-8E6A-8C11038BC6D1}
		{59AD3ACC-CC0D-428D-B7BB-704E59A1287D} = {4DF1BEAA-3845-410C-A760-F0C7895C165D}
		{C5719A35-EF8F-4B8C-949C-92D499E256B8} = {4DF1BEAA-3845-410C-A760-F0C7895C165D}
	EndGlobalSection
	GlobalSection(ExtensibilityGlobals) = postSolution
		SolutionGuid = {7D2E9DF7-23D3-4FCC-86E7-1E390584E15C}
	EndGlobalSection
EndGlobal
